<?xml version="1.0" encoding="utf-8"?>
<Project ToolsVersion="4.0" xmlns="http://schemas.microsoft.com/developer/msbuild/2003">
  <ItemGroup>
    <CudaCompile Include="Kernel.cu" />
  </ItemGroup>
  <ItemGroup>
    <ClCompile Include="Main.cpp" />
  </ItemGroup>
  <ItemGroup>
    <ClInclude Include="KernelH.cuh" />
  </ItemGroup>
  <ItemGroup>
    <Filter Include="Test Files">
      <UniqueIdentifier>{bc1748e3-9537-429f-960e-6f8aae5fa6be}</UniqueIdentifier>
    </Filter>
  </ItemGroup>
</Project>